// !$*UTF8*$!
{
	archiveVersion = 1;
	classes = {
	};
	objectVersion = 46;
	objects = {

/* Begin PBXBuildFile section */
		4F0889CE1F3B9DDE00144846 /* MessageCell.swift in Sources */ = {isa = PBXBuildFile; fileRef = 4F0889CD1F3B9DDE00144846 /* MessageCell.swift */; };
		4F0889CF1F3B9DDE00144846 /* MessageCell.swift in Sources */ = {isa = PBXBuildFile; fileRef = 4F0889CD1F3B9DDE00144846 /* MessageCell.swift */; };
		4F0889D01F3B9DDE00144846 /* MessageCell.swift in Sources */ = {isa = PBXBuildFile; fileRef = 4F0889CD1F3B9DDE00144846 /* MessageCell.swift */; };
		4F58302A1F17DFED0077999C /* Settings.bundle in Resources */ = {isa = PBXBuildFile; fileRef = 4F5830291F17DFED0077999C /* Settings.bundle */; };
		4F58302B1F17DFED0077999C /* Settings.bundle in Resources */ = {isa = PBXBuildFile; fileRef = 4F5830291F17DFED0077999C /* Settings.bundle */; };
		4F58302C1F17DFED0077999C /* Settings.bundle in Resources */ = {isa = PBXBuildFile; fileRef = 4F5830291F17DFED0077999C /* Settings.bundle */; };
		4F9A16021DE3C9DD0040960F /* AppDelegate.swift in Sources */ = {isa = PBXBuildFile; fileRef = 4F9A16011DE3C9DD0040960F /* AppDelegate.swift */; };
		4F9A16041DE3C9DD0040960F /* MasterViewController.swift in Sources */ = {isa = PBXBuildFile; fileRef = 4F9A16031DE3C9DD0040960F /* MasterViewController.swift */; };
		4F9A16061DE3C9DD0040960F /* ChatViewController.swift in Sources */ = {isa = PBXBuildFile; fileRef = 4F9A16051DE3C9DD0040960F /* ChatViewController.swift */; };
		4F9A16091DE3C9DD0040960F /* Main.storyboard in Resources */ = {isa = PBXBuildFile; fileRef = 4F9A16071DE3C9DD0040960F /* Main.storyboard */; };
		4F9A160B1DE3C9DD0040960F /* Assets.xcassets in Resources */ = {isa = PBXBuildFile; fileRef = 4F9A160A1DE3C9DD0040960F /* Assets.xcassets */; };
		4F9A160E1DE3C9DD0040960F /* LaunchScreen.storyboard in Resources */ = {isa = PBXBuildFile; fileRef = 4F9A160C1DE3C9DD0040960F /* LaunchScreen.storyboard */; };
		4F9A16191DE3C9DD0040960F /* IcyBeeTests.swift in Sources */ = {isa = PBXBuildFile; fileRef = 4F9A16181DE3C9DD0040960F /* IcyBeeTests.swift */; };
		4F9A16241DE3C9DD0040960F /* IcyBeeUITests.swift in Sources */ = {isa = PBXBuildFile; fileRef = 4F9A16231DE3C9DD0040960F /* IcyBeeUITests.swift */; };
		4F9A169D1DE3CA9E0040960F /* IcbKit.framework in Frameworks */ = {isa = PBXBuildFile; fileRef = 4F9A168B1DE3CA570040960F /* IcbKit.framework */; };
		4F9A16A71DE3CF7E0040960F /* IcbKit.framework in Embed Frameworks */ = {isa = PBXBuildFile; fileRef = 4F9A168B1DE3CA570040960F /* IcbKit.framework */; settings = {ATTRIBUTES = (CodeSignOnCopy, RemoveHeadersOnCopy, ); }; };
		4F9A16AB1DE3CF820040960F /* RegExKit.framework in Frameworks */ = {isa = PBXBuildFile; fileRef = 4F9A165B1DE3CA110040960F /* RegExKit.framework */; };
		4F9A16AC1DE3CF820040960F /* RegExKit.framework in Embed Frameworks */ = {isa = PBXBuildFile; fileRef = 4F9A165B1DE3CA110040960F /* RegExKit.framework */; settings = {ATTRIBUTES = (CodeSignOnCopy, RemoveHeadersOnCopy, ); }; };
		4F9A16B41DE4E7460040960F /* NicknameCell.swift in Sources */ = {isa = PBXBuildFile; fileRef = 4F9A16B31DE4E7460040960F /* NicknameCell.swift */; };
		4F9A16B61DE51F000040960F /* IcbDelegate.swift in Sources */ = {isa = PBXBuildFile; fileRef = 4F9A16B51DE51F000040960F /* IcbDelegate.swift */; };
		4FF8D4A81E023B3200BC5610 /* SplitViewController.swift in Sources */ = {isa = PBXBuildFile; fileRef = 4FF8D4A71E023B3200BC5610 /* SplitViewController.swift */; };
		4FF8D4A91E023B3200BC5610 /* SplitViewController.swift in Sources */ = {isa = PBXBuildFile; fileRef = 4FF8D4A71E023B3200BC5610 /* SplitViewController.swift */; };
		4FF8D4AA1E023B3200BC5610 /* SplitViewController.swift in Sources */ = {isa = PBXBuildFile; fileRef = 4FF8D4A71E023B3200BC5610 /* SplitViewController.swift */; };
		4FF8D4AE1E023C9A00BC5610 /* Setup.storyboard in Resources */ = {isa = PBXBuildFile; fileRef = 4FF8D4AD1E023C9A00BC5610 /* Setup.storyboard */; };
		4FF8D4AF1E023C9A00BC5610 /* Setup.storyboard in Resources */ = {isa = PBXBuildFile; fileRef = 4FF8D4AD1E023C9A00BC5610 /* Setup.storyboard */; };
		4FF8D4B01E023C9A00BC5610 /* Setup.storyboard in Resources */ = {isa = PBXBuildFile; fileRef = 4FF8D4AD1E023C9A00BC5610 /* Setup.storyboard */; };
		4FF8D4B21E023CED00BC5610 /* SetupViewController.swift in Sources */ = {isa = PBXBuildFile; fileRef = 4FF8D4B11E023CED00BC5610 /* SetupViewController.swift */; };
		4FF8D4B31E023CED00BC5610 /* SetupViewController.swift in Sources */ = {isa = PBXBuildFile; fileRef = 4FF8D4B11E023CED00BC5610 /* SetupViewController.swift */; };
		4FF8D4B41E023CED00BC5610 /* SetupViewController.swift in Sources */ = {isa = PBXBuildFile; fileRef = 4FF8D4B11E023CED00BC5610 /* SetupViewController.swift */; };
		4FFD2E431E09C51000781377 /* IcyBee_Core_Data.xcdatamodel in Sources */ = {isa = PBXBuildFile; fileRef = 4FFD2E421E09C51000781377 /* IcyBee_Core_Data.xcdatamodel */; };
		4FFD2E441E09C51000781377 /* IcyBee_Core_Data.xcdatamodel in Sources */ = {isa = PBXBuildFile; fileRef = 4FFD2E421E09C51000781377 /* IcyBee_Core_Data.xcdatamodel */; };
		4FFD2E451E09C51000781377 /* IcyBee_Core_Data.xcdatamodel in Sources */ = {isa = PBXBuildFile; fileRef = 4FFD2E421E09C51000781377 /* IcyBee_Core_Data.xcdatamodel */; };
/* End PBXBuildFile section */

/* Begin PBXContainerItemProxy section */
		4F9A16151DE3C9DD0040960F /* PBXContainerItemProxy */ = {
			isa = PBXContainerItemProxy;
			containerPortal = 4F9A15F61DE3C9DD0040960F /* Project object */;
			proxyType = 1;
			remoteGlobalIDString = 4F9A15FD1DE3C9DD0040960F;
			remoteInfo = IcyBee;
		};
		4F9A16201DE3C9DD0040960F /* PBXContainerItemProxy */ = {
			isa = PBXContainerItemProxy;
			containerPortal = 4F9A15F61DE3C9DD0040960F /* Project object */;
			proxyType = 1;
			remoteGlobalIDString = 4F9A15FD1DE3C9DD0040960F;
			remoteInfo = IcyBee;
		};
		4F9A165A1DE3CA110040960F /* PBXContainerItemProxy */ = {
			isa = PBXContainerItemProxy;
			containerPortal = 4F9A16551DE3CA100040960F /* RegExKit.xcodeproj */;
			proxyType = 2;
			remoteGlobalIDString = 4F9A163B1DE3CA100040960F;
			remoteInfo = RegExKit;
		};
		4F9A165C1DE3CA110040960F /* PBXContainerItemProxy */ = {
			isa = PBXContainerItemProxy;
			containerPortal = 4F9A16551DE3CA100040960F /* RegExKit.xcodeproj */;
			proxyType = 2;
			remoteGlobalIDString = 4F9A16441DE3CA100040960F;
			remoteInfo = RegExKitTests;
		};
		4F9A168A1DE3CA570040960F /* PBXContainerItemProxy */ = {
			isa = PBXContainerItemProxy;
			containerPortal = 4F9A16851DE3CA560040960F /* IcbKit.xcodeproj */;
			proxyType = 2;
			remoteGlobalIDString = 4F9A166B1DE3CA560040960F;
			remoteInfo = IcbKit;
		};
		4F9A168C1DE3CA570040960F /* PBXContainerItemProxy */ = {
			isa = PBXContainerItemProxy;
			containerPortal = 4F9A16851DE3CA560040960F /* IcbKit.xcodeproj */;
			proxyType = 2;
			remoteGlobalIDString = 4F9A16741DE3CA560040960F;
			remoteInfo = IcbKitTests;
		};
		4F9A16A21DE3CE6A0040960F /* PBXContainerItemProxy */ = {
			isa = PBXContainerItemProxy;
			containerPortal = 4F9A16851DE3CA560040960F /* IcbKit.xcodeproj */;
			proxyType = 1;
			remoteGlobalIDString = 4F9A166A1DE3CA560040960F;
			remoteInfo = IcbKit;
		};
		4F9A16A41DE3CE6E0040960F /* PBXContainerItemProxy */ = {
			isa = PBXContainerItemProxy;
			containerPortal = 4F9A16551DE3CA100040960F /* RegExKit.xcodeproj */;
			proxyType = 1;
			remoteGlobalIDString = 4F9A163A1DE3CA100040960F;
			remoteInfo = RegExKit;
		};
		4F9A16A81DE3CF7E0040960F /* PBXContainerItemProxy */ = {
			isa = PBXContainerItemProxy;
			containerPortal = 4F9A16851DE3CA560040960F /* IcbKit.xcodeproj */;
			proxyType = 1;
			remoteGlobalIDString = 4F9A166A1DE3CA560040960F;
			remoteInfo = IcbKit;
		};
		4F9A16AD1DE3CF820040960F /* PBXContainerItemProxy */ = {
			isa = PBXContainerItemProxy;
			containerPortal = 4F9A16551DE3CA100040960F /* RegExKit.xcodeproj */;
			proxyType = 1;
			remoteGlobalIDString = 4F9A163A1DE3CA100040960F;
			remoteInfo = RegExKit;
		};
/* End PBXContainerItemProxy section */

/* Begin PBXCopyFilesBuildPhase section */
		4F9A16AA1DE3CF7E0040960F /* Embed Frameworks */ = {
			isa = PBXCopyFilesBuildPhase;
			buildActionMask = 2147483647;
			dstPath = "";
			dstSubfolderSpec = 10;
			files = (
				4F9A16A71DE3CF7E0040960F /* IcbKit.framework in Embed Frameworks */,
				4F9A16AC1DE3CF820040960F /* RegExKit.framework in Embed Frameworks */,
			);
			name = "Embed Frameworks";
			runOnlyForDeploymentPostprocessing = 0;
		};
/* End PBXCopyFilesBuildPhase section */

/* Begin PBXFileReference section */
		4F0889CD1F3B9DDE00144846 /* MessageCell.swift */ = {isa = PBXFileReference; fileEncoding = 4; lastKnownFileType = sourcecode.swift; path = MessageCell.swift; sourceTree = "<group>"; };
		4F5830291F17DFED0077999C /* Settings.bundle */ = {isa = PBXFileReference; lastKnownFileType = "wrapper.plug-in"; path = Settings.bundle; sourceTree = "<group>"; };
		4F9A15FE1DE3C9DD0040960F /* IcyBee.app */ = {isa = PBXFileReference; explicitFileType = wrapper.application; includeInIndex = 0; path = IcyBee.app; sourceTree = BUILT_PRODUCTS_DIR; };
		4F9A16011DE3C9DD0040960F /* AppDelegate.swift */ = {isa = PBXFileReference; lastKnownFileType = sourcecode.swift; path = AppDelegate.swift; sourceTree = "<group>"; };
		4F9A16031DE3C9DD0040960F /* MasterViewController.swift */ = {isa = PBXFileReference; lastKnownFileType = sourcecode.swift; path = MasterViewController.swift; sourceTree = "<group>"; };
		4F9A16051DE3C9DD0040960F /* ChatViewController.swift */ = {isa = PBXFileReference; lastKnownFileType = sourcecode.swift; path = ChatViewController.swift; sourceTree = "<group>"; };
		4F9A16081DE3C9DD0040960F /* Base */ = {isa = PBXFileReference; lastKnownFileType = file.storyboard; name = Base; path = Base.lproj/Main.storyboard; sourceTree = "<group>"; };
		4F9A160A1DE3C9DD0040960F /* Assets.xcassets */ = {isa = PBXFileReference; lastKnownFileType = folder.assetcatalog; path = Assets.xcassets; sourceTree = "<group>"; };
		4F9A160D1DE3C9DD0040960F /* Base */ = {isa = PBXFileReference; lastKnownFileType = file.storyboard; name = Base; path = Base.lproj/LaunchScreen.storyboard; sourceTree = "<group>"; };
		4F9A160F1DE3C9DD0040960F /* Info.plist */ = {isa = PBXFileReference; lastKnownFileType = text.plist.xml; path = Info.plist; sourceTree = "<group>"; };
		4F9A16141DE3C9DD0040960F /* IcyBeeTests.xctest */ = {isa = PBXFileReference; explicitFileType = wrapper.cfbundle; includeInIndex = 0; path = IcyBeeTests.xctest; sourceTree = BUILT_PRODUCTS_DIR; };
		4F9A16181DE3C9DD0040960F /* IcyBeeTests.swift */ = {isa = PBXFileReference; lastKnownFileType = sourcecode.swift; path = IcyBeeTests.swift; sourceTree = "<group>"; };
		4F9A161A1DE3C9DD0040960F /* Info.plist */ = {isa = PBXFileReference; lastKnownFileType = text.plist.xml; path = Info.plist; sourceTree = "<group>"; };
		4F9A161F1DE3C9DD0040960F /* IcyBeeUITests.xctest */ = {isa = PBXFileReference; explicitFileType = wrapper.cfbundle; includeInIndex = 0; path = IcyBeeUITests.xctest; sourceTree = BUILT_PRODUCTS_DIR; };
		4F9A16231DE3C9DD0040960F /* IcyBeeUITests.swift */ = {isa = PBXFileReference; lastKnownFileType = sourcecode.swift; path = IcyBeeUITests.swift; sourceTree = "<group>"; };
		4F9A16251DE3C9DD0040960F /* Info.plist */ = {isa = PBXFileReference; lastKnownFileType = text.plist.xml; path = Info.plist; sourceTree = "<group>"; };
		4F9A16551DE3CA100040960F /* RegExKit.xcodeproj */ = {isa = PBXFileReference; lastKnownFileType = "wrapper.pb-project"; name = RegExKit.xcodeproj; path = RegExKit/RegExKit.xcodeproj; sourceTree = "<group>"; };
		4F9A16851DE3CA560040960F /* IcbKit.xcodeproj */ = {isa = PBXFileReference; lastKnownFileType = "wrapper.pb-project"; name = IcbKit.xcodeproj; path = IcbKit/IcbKit.xcodeproj; sourceTree = "<group>"; };
		4F9A16B31DE4E7460040960F /* NicknameCell.swift */ = {isa = PBXFileReference; fileEncoding = 4; lastKnownFileType = sourcecode.swift; path = NicknameCell.swift; sourceTree = "<group>"; };
		4F9A16B51DE51F000040960F /* IcbDelegate.swift */ = {isa = PBXFileReference; fileEncoding = 4; lastKnownFileType = sourcecode.swift; path = IcbDelegate.swift; sourceTree = "<group>"; };
		4FF8D4A71E023B3200BC5610 /* SplitViewController.swift */ = {isa = PBXFileReference; fileEncoding = 4; lastKnownFileType = sourcecode.swift; path = SplitViewController.swift; sourceTree = "<group>"; };
		4FF8D4AD1E023C9A00BC5610 /* Setup.storyboard */ = {isa = PBXFileReference; fileEncoding = 4; lastKnownFileType = file.storyboard; path = Setup.storyboard; sourceTree = "<group>"; };
		4FF8D4B11E023CED00BC5610 /* SetupViewController.swift */ = {isa = PBXFileReference; fileEncoding = 4; lastKnownFileType = sourcecode.swift; path = SetupViewController.swift; sourceTree = "<group>"; };
		4FFD2E421E09C51000781377 /* IcyBee_Core_Data.xcdatamodel */ = {isa = PBXFileReference; lastKnownFileType = wrapper.xcdatamodel; path = IcyBee_Core_Data.xcdatamodel; sourceTree = "<group>"; };
/* End PBXFileReference section */

/* Begin PBXFrameworksBuildPhase section */
		4F9A15FB1DE3C9DD0040960F /* Frameworks */ = {
			isa = PBXFrameworksBuildPhase;
			buildActionMask = 2147483647;
			files = (
				4F9A169D1DE3CA9E0040960F /* IcbKit.framework in Frameworks */,
				4F9A16AB1DE3CF820040960F /* RegExKit.framework in Frameworks */,
			);
			runOnlyForDeploymentPostprocessing = 0;
		};
		4F9A16111DE3C9DD0040960F /* Frameworks */ = {
			isa = PBXFrameworksBuildPhase;
			buildActionMask = 2147483647;
			files = (
			);
			runOnlyForDeploymentPostprocessing = 0;
		};
		4F9A161C1DE3C9DD0040960F /* Frameworks */ = {
			isa = PBXFrameworksBuildPhase;
			buildActionMask = 2147483647;
			files = (
			);
			runOnlyForDeploymentPostprocessing = 0;
		};
/* End PBXFrameworksBuildPhase section */

/* Begin PBXGroup section */
		4F019DBD1DE5380D003F9E60 /* Delegates */ = {
			isa = PBXGroup;
			children = (
				4F9A16011DE3C9DD0040960F /* AppDelegate.swift */,
				4F9A16B51DE51F000040960F /* IcbDelegate.swift */,
			);
			name = Delegates;
			sourceTree = "<group>";
		};
		4F019DBE1DE53824003F9E60 /* ViewControllers */ = {
			isa = PBXGroup;
			children = (
				4FF8D4B11E023CED00BC5610 /* SetupViewController.swift */,
				4FF8D4A71E023B3200BC5610 /* SplitViewController.swift */,
				4F9A16031DE3C9DD0040960F /* MasterViewController.swift */,
				4F9A16051DE3C9DD0040960F /* ChatViewController.swift */,
			);
			name = ViewControllers;
			sourceTree = "<group>";
		};
		4F019DBF1DE53834003F9E60 /* Views */ = {
			isa = PBXGroup;
			children = (
				4F9A16B31DE4E7460040960F /* NicknameCell.swift */,
				4F0889CD1F3B9DDE00144846 /* MessageCell.swift */,
			);
			name = Views;
			sourceTree = "<group>";
		};
		4F019DC01DE53866003F9E60 /* Storyboards */ = {
			isa = PBXGroup;
			children = (
				4F9A160C1DE3C9DD0040960F /* LaunchScreen.storyboard */,
				4FF8D4AD1E023C9A00BC5610 /* Setup.storyboard */,
				4F9A16071DE3C9DD0040960F /* Main.storyboard */,
			);
			name = Storyboards;
			sourceTree = "<group>";
		};
		4F019DC11DE53880003F9E60 /* Assets */ = {
			isa = PBXGroup;
			children = (
				4F9A160A1DE3C9DD0040960F /* Assets.xcassets */,
			);
			name = Assets;
			sourceTree = "<group>";
		};
		4F019DC21DE53887003F9E60 /* Plists */ = {
			isa = PBXGroup;
			children = (
				4F5830291F17DFED0077999C /* Settings.bundle */,
				4F9A160F1DE3C9DD0040960F /* Info.plist */,
			);
			name = Plists;
			sourceTree = "<group>";
		};
		4F9A15F51DE3C9DD0040960F = {
			isa = PBXGroup;
			children = (
				4F9A16851DE3CA560040960F /* IcbKit.xcodeproj */,
				4F9A16551DE3CA100040960F /* RegExKit.xcodeproj */,
				4F9A16001DE3C9DD0040960F /* IcyBee */,
				4F9A16171DE3C9DD0040960F /* IcyBeeTests */,
				4F9A16221DE3C9DD0040960F /* IcyBeeUITests */,
				4F9A15FF1DE3C9DD0040960F /* Products */,
			);
			sourceTree = "<group>";
		};
		4F9A15FF1DE3C9DD0040960F /* Products */ = {
			isa = PBXGroup;
			children = (
				4F9A15FE1DE3C9DD0040960F /* IcyBee.app */,
				4F9A16141DE3C9DD0040960F /* IcyBeeTests.xctest */,
				4F9A161F1DE3C9DD0040960F /* IcyBeeUITests.xctest */,
			);
			name = Products;
			sourceTree = "<group>";
		};
		4F9A16001DE3C9DD0040960F /* IcyBee */ = {
			isa = PBXGroup;
			children = (
				4F019DC01DE53866003F9E60 /* Storyboards */,
				4F019DBD1DE5380D003F9E60 /* Delegates */,
				4F019DBE1DE53824003F9E60 /* ViewControllers */,
				4F019DBF1DE53834003F9E60 /* Views */,
				4FFD2E3F1E09C4FD00781377 /* Models */,
				4F019DC11DE53880003F9E60 /* Assets */,
				4F019DC21DE53887003F9E60 /* Plists */,
			);
			path = IcyBee;
			sourceTree = "<group>";
		};
		4F9A16171DE3C9DD0040960F /* IcyBeeTests */ = {
			isa = PBXGroup;
			children = (
				4F9A16181DE3C9DD0040960F /* IcyBeeTests.swift */,
				4F9A161A1DE3C9DD0040960F /* Info.plist */,
			);
			path = IcyBeeTests;
			sourceTree = "<group>";
		};
		4F9A16221DE3C9DD0040960F /* IcyBeeUITests */ = {
			isa = PBXGroup;
			children = (
				4F9A16231DE3C9DD0040960F /* IcyBeeUITests.swift */,
				4F9A16251DE3C9DD0040960F /* Info.plist */,
			);
			path = IcyBeeUITests;
			sourceTree = "<group>";
		};
		4F9A16561DE3CA100040960F /* Products */ = {
			isa = PBXGroup;
			children = (
				4F9A165B1DE3CA110040960F /* RegExKit.framework */,
				4F9A165D1DE3CA110040960F /* RegExKitTests.xctest */,
			);
			name = Products;
			sourceTree = "<group>";
		};
		4F9A16861DE3CA560040960F /* Products */ = {
			isa = PBXGroup;
			children = (
				4F9A168B1DE3CA570040960F /* IcbKit.framework */,
				4F9A168D1DE3CA570040960F /* IcbKitTests.xctest */,
			);
			name = Products;
			sourceTree = "<group>";
		};
		4FFD2E3F1E09C4FD00781377 /* Models */ = {
			isa = PBXGroup;
			children = (
				4FFD2E421E09C51000781377 /* IcyBee_Core_Data.xcdatamodel */,
			);
			name = Models;
			sourceTree = "<group>";
		};
/* End PBXGroup section */

/* Begin PBXNativeTarget section */
		4F9A15FD1DE3C9DD0040960F /* IcyBee */ = {
			isa = PBXNativeTarget;
			buildConfigurationList = 4F9A16281DE3C9DD0040960F /* Build configuration list for PBXNativeTarget "IcyBee" */;
			buildPhases = (
				4F9A15FA1DE3C9DD0040960F /* Sources */,
				4F9A15FB1DE3C9DD0040960F /* Frameworks */,
				4F9A15FC1DE3C9DD0040960F /* Resources */,
				4F9A16AA1DE3CF7E0040960F /* Embed Frameworks */,
			);
			buildRules = (
			);
			dependencies = (
				4F9A16A51DE3CE6E0040960F /* PBXTargetDependency */,
				4F9A16A31DE3CE6A0040960F /* PBXTargetDependency */,
				4F9A16A91DE3CF7E0040960F /* PBXTargetDependency */,
				4F9A16AE1DE3CF820040960F /* PBXTargetDependency */,
			);
			name = IcyBee;
			productName = IcyBee;
			productReference = 4F9A15FE1DE3C9DD0040960F /* IcyBee.app */;
			productType = "com.apple.product-type.application";
		};
		4F9A16131DE3C9DD0040960F /* IcyBeeTests */ = {
			isa = PBXNativeTarget;
			buildConfigurationList = 4F9A162B1DE3C9DD0040960F /* Build configuration list for PBXNativeTarget "IcyBeeTests" */;
			buildPhases = (
				4F9A16101DE3C9DD0040960F /* Sources */,
				4F9A16111DE3C9DD0040960F /* Frameworks */,
				4F9A16121DE3C9DD0040960F /* Resources */,
			);
			buildRules = (
			);
			dependencies = (
				4F9A16161DE3C9DD0040960F /* PBXTargetDependency */,
			);
			name = IcyBeeTests;
			productName = IcyBeeTests;
			productReference = 4F9A16141DE3C9DD0040960F /* IcyBeeTests.xctest */;
			productType = "com.apple.product-type.bundle.unit-test";
		};
		4F9A161E1DE3C9DD0040960F /* IcyBeeUITests */ = {
			isa = PBXNativeTarget;
			buildConfigurationList = 4F9A162E1DE3C9DD0040960F /* Build configuration list for PBXNativeTarget "IcyBeeUITests" */;
			buildPhases = (
				4F9A161B1DE3C9DD0040960F /* Sources */,
				4F9A161C1DE3C9DD0040960F /* Frameworks */,
				4F9A161D1DE3C9DD0040960F /* Resources */,
			);
			buildRules = (
			);
			dependencies = (
				4F9A16211DE3C9DD0040960F /* PBXTargetDependency */,
			);
			name = IcyBeeUITests;
			productName = IcyBeeUITests;
			productReference = 4F9A161F1DE3C9DD0040960F /* IcyBeeUITests.xctest */;
			productType = "com.apple.product-type.bundle.ui-testing";
		};
/* End PBXNativeTarget section */

/* Begin PBXProject section */
		4F9A15F61DE3C9DD0040960F /* Project object */ = {
			isa = PBXProject;
			attributes = {
				LastSwiftUpdateCheck = 0810;
				LastUpgradeCheck = 0910;
				ORGANIZATIONNAME = six;
				TargetAttributes = {
					4F9A15FD1DE3C9DD0040960F = {
						CreatedOnToolsVersion = 8.1;
						DevelopmentTeam = SP5J495KSD;
						LastSwiftMigration = 0900;
						ProvisioningStyle = Automatic;
					};
					4F9A16131DE3C9DD0040960F = {
						CreatedOnToolsVersion = 8.1;
						DevelopmentTeam = SP5J495KSD;
						LastSwiftMigration = 0900;
						ProvisioningStyle = Automatic;
						TestTargetID = 4F9A15FD1DE3C9DD0040960F;
					};
					4F9A161E1DE3C9DD0040960F = {
						CreatedOnToolsVersion = 8.1;
						DevelopmentTeam = SP5J495KSD;
						LastSwiftMigration = 0900;
						ProvisioningStyle = Automatic;
						TestTargetID = 4F9A15FD1DE3C9DD0040960F;
					};
				};
			};
			buildConfigurationList = 4F9A15F91DE3C9DD0040960F /* Build configuration list for PBXProject "IcyBee" */;
			compatibilityVersion = "Xcode 3.2";
			developmentRegion = English;
			hasScannedForEncodings = 0;
			knownRegions = (
				en,
				Base,
			);
			mainGroup = 4F9A15F51DE3C9DD0040960F;
			productRefGroup = 4F9A15FF1DE3C9DD0040960F /* Products */;
			projectDirPath = "";
			projectReferences = (
				{
					ProductGroup = 4F9A16861DE3CA560040960F /* Products */;
					ProjectRef = 4F9A16851DE3CA560040960F /* IcbKit.xcodeproj */;
				},
				{
					ProductGroup = 4F9A16561DE3CA100040960F /* Products */;
					ProjectRef = 4F9A16551DE3CA100040960F /* RegExKit.xcodeproj */;
				},
			);
			projectRoot = "";
			targets = (
				4F9A15FD1DE3C9DD0040960F /* IcyBee */,
				4F9A16131DE3C9DD0040960F /* IcyBeeTests */,
				4F9A161E1DE3C9DD0040960F /* IcyBeeUITests */,
			);
		};
/* End PBXProject section */

/* Begin PBXReferenceProxy section */
		4F9A165B1DE3CA110040960F /* RegExKit.framework */ = {
			isa = PBXReferenceProxy;
			fileType = wrapper.framework;
			path = RegExKit.framework;
			remoteRef = 4F9A165A1DE3CA110040960F /* PBXContainerItemProxy */;
			sourceTree = BUILT_PRODUCTS_DIR;
		};
		4F9A165D1DE3CA110040960F /* RegExKitTests.xctest */ = {
			isa = PBXReferenceProxy;
			fileType = wrapper.cfbundle;
			path = RegExKitTests.xctest;
			remoteRef = 4F9A165C1DE3CA110040960F /* PBXContainerItemProxy */;
			sourceTree = BUILT_PRODUCTS_DIR;
		};
		4F9A168B1DE3CA570040960F /* IcbKit.framework */ = {
			isa = PBXReferenceProxy;
			fileType = wrapper.framework;
			path = IcbKit.framework;
			remoteRef = 4F9A168A1DE3CA570040960F /* PBXContainerItemProxy */;
			sourceTree = BUILT_PRODUCTS_DIR;
		};
		4F9A168D1DE3CA570040960F /* IcbKitTests.xctest */ = {
			isa = PBXReferenceProxy;
			fileType = wrapper.cfbundle;
			path = IcbKitTests.xctest;
			remoteRef = 4F9A168C1DE3CA570040960F /* PBXContainerItemProxy */;
			sourceTree = BUILT_PRODUCTS_DIR;
		};
/* End PBXReferenceProxy section */

/* Begin PBXResourcesBuildPhase section */
		4F9A15FC1DE3C9DD0040960F /* Resources */ = {
			isa = PBXResourcesBuildPhase;
			buildActionMask = 2147483647;
			files = (
				4FF8D4AE1E023C9A00BC5610 /* Setup.storyboard in Resources */,
				4F9A160E1DE3C9DD0040960F /* LaunchScreen.storyboard in Resources */,
				4F58302A1F17DFED0077999C /* Settings.bundle in Resources */,
				4F9A160B1DE3C9DD0040960F /* Assets.xcassets in Resources */,
				4F9A16091DE3C9DD0040960F /* Main.storyboard in Resources */,
			);
			runOnlyForDeploymentPostprocessing = 0;
		};
		4F9A16121DE3C9DD0040960F /* Resources */ = {
			isa = PBXResourcesBuildPhase;
			buildActionMask = 2147483647;
			files = (
				4F58302B1F17DFED0077999C /* Settings.bundle in Resources */,
				4FF8D4AF1E023C9A00BC5610 /* Setup.storyboard in Resources */,
			);
			runOnlyForDeploymentPostprocessing = 0;
		};
		4F9A161D1DE3C9DD0040960F /* Resources */ = {
			isa = PBXResourcesBuildPhase;
			buildActionMask = 2147483647;
			files = (
				4F58302C1F17DFED0077999C /* Settings.bundle in Resources */,
				4FF8D4B01E023C9A00BC5610 /* Setup.storyboard in Resources */,
			);
			runOnlyForDeploymentPostprocessing = 0;
		};
/* End PBXResourcesBuildPhase section */

/* Begin PBXSourcesBuildPhase section */
		4F9A15FA1DE3C9DD0040960F /* Sources */ = {
			isa = PBXSourcesBuildPhase;
			buildActionMask = 2147483647;
			files = (
				4F0889CE1F3B9DDE00144846 /* MessageCell.swift in Sources */,
				4F9A16B61DE51F000040960F /* IcbDelegate.swift in Sources */,
				4FFD2E431E09C51000781377 /* IcyBee_Core_Data.xcdatamodel in Sources */,
				4F9A16061DE3C9DD0040960F /* ChatViewController.swift in Sources */,
				4F9A16041DE3C9DD0040960F /* MasterViewController.swift in Sources */,
				4FF8D4B21E023CED00BC5610 /* SetupViewController.swift in Sources */,
				4FF8D4A81E023B3200BC5610 /* SplitViewController.swift in Sources */,
				4F9A16021DE3C9DD0040960F /* AppDelegate.swift in Sources */,
				4F9A16B41DE4E7460040960F /* NicknameCell.swift in Sources */,
			);
			runOnlyForDeploymentPostprocessing = 0;
		};
		4F9A16101DE3C9DD0040960F /* Sources */ = {
			isa = PBXSourcesBuildPhase;
			buildActionMask = 2147483647;
			files = (
				4FF8D4A91E023B3200BC5610 /* SplitViewController.swift in Sources */,
				4FF8D4B31E023CED00BC5610 /* SetupViewController.swift in Sources */,
				4FFD2E441E09C51000781377 /* IcyBee_Core_Data.xcdatamodel in Sources */,
				4F9A16191DE3C9DD0040960F /* IcyBeeTests.swift in Sources */,
				4F0889CF1F3B9DDE00144846 /* MessageCell.swift in Sources */,
			);
			runOnlyForDeploymentPostprocessing = 0;
		};
		4F9A161B1DE3C9DD0040960F /* Sources */ = {
			isa = PBXSourcesBuildPhase;
			buildActionMask = 2147483647;
			files = (
				4FF8D4AA1E023B3200BC5610 /* SplitViewController.swift in Sources */,
				4FF8D4B41E023CED00BC5610 /* SetupViewController.swift in Sources */,
				4FFD2E451E09C51000781377 /* IcyBee_Core_Data.xcdatamodel in Sources */,
				4F9A16241DE3C9DD0040960F /* IcyBeeUITests.swift in Sources */,
				4F0889D01F3B9DDE00144846 /* MessageCell.swift in Sources */,
			);
			runOnlyForDeploymentPostprocessing = 0;
		};
/* End PBXSourcesBuildPhase section */

/* Begin PBXTargetDependency section */
		4F9A16161DE3C9DD0040960F /* PBXTargetDependency */ = {
			isa = PBXTargetDependency;
			target = 4F9A15FD1DE3C9DD0040960F /* IcyBee */;
			targetProxy = 4F9A16151DE3C9DD0040960F /* PBXContainerItemProxy */;
		};
		4F9A16211DE3C9DD0040960F /* PBXTargetDependency */ = {
			isa = PBXTargetDependency;
			target = 4F9A15FD1DE3C9DD0040960F /* IcyBee */;
			targetProxy = 4F9A16201DE3C9DD0040960F /* PBXContainerItemProxy */;
		};
		4F9A16A31DE3CE6A0040960F /* PBXTargetDependency */ = {
			isa = PBXTargetDependency;
			name = IcbKit;
			targetProxy = 4F9A16A21DE3CE6A0040960F /* PBXContainerItemProxy */;
		};
		4F9A16A51DE3CE6E0040960F /* PBXTargetDependency */ = {
			isa = PBXTargetDependency;
			name = RegExKit;
			targetProxy = 4F9A16A41DE3CE6E0040960F /* PBXContainerItemProxy */;
		};
		4F9A16A91DE3CF7E0040960F /* PBXTargetDependency */ = {
			isa = PBXTargetDependency;
			name = IcbKit;
			targetProxy = 4F9A16A81DE3CF7E0040960F /* PBXContainerItemProxy */;
		};
		4F9A16AE1DE3CF820040960F /* PBXTargetDependency */ = {
			isa = PBXTargetDependency;
			name = RegExKit;
			targetProxy = 4F9A16AD1DE3CF820040960F /* PBXContainerItemProxy */;
		};
/* End PBXTargetDependency section */

/* Begin PBXVariantGroup section */
		4F9A16071DE3C9DD0040960F /* Main.storyboard */ = {
			isa = PBXVariantGroup;
			children = (
				4F9A16081DE3C9DD0040960F /* Base */,
			);
			name = Main.storyboard;
			sourceTree = "<group>";
		};
		4F9A160C1DE3C9DD0040960F /* LaunchScreen.storyboard */ = {
			isa = PBXVariantGroup;
			children = (
				4F9A160D1DE3C9DD0040960F /* Base */,
			);
			name = LaunchScreen.storyboard;
			sourceTree = "<group>";
		};
/* End PBXVariantGroup section */

/* Begin XCBuildConfiguration section */
		4F9A16261DE3C9DD0040960F /* Debug */ = {
			isa = XCBuildConfiguration;
			buildSettings = {
				ALWAYS_SEARCH_USER_PATHS = NO;
				CLANG_ANALYZER_NONNULL = YES;
				CLANG_CXX_LANGUAGE_STANDARD = "gnu++0x";
				CLANG_CXX_LIBRARY = "libc++";
				CLANG_ENABLE_MODULES = YES;
				CLANG_ENABLE_OBJC_ARC = YES;
				CLANG_WARN_BLOCK_CAPTURE_AUTORELEASING = YES;
				CLANG_WARN_BOOL_CONVERSION = YES;
				CLANG_WARN_COMMA = YES;
				CLANG_WARN_CONSTANT_CONVERSION = YES;
				CLANG_WARN_DIRECT_OBJC_ISA_USAGE = YES_ERROR;
				CLANG_WARN_DOCUMENTATION_COMMENTS = YES;
				CLANG_WARN_EMPTY_BODY = YES;
				CLANG_WARN_ENUM_CONVERSION = YES;
				CLANG_WARN_INFINITE_RECURSION = YES;
				CLANG_WARN_INT_CONVERSION = YES;
				CLANG_WARN_NON_LITERAL_NULL_CONVERSION = YES;
				CLANG_WARN_OBJC_LITERAL_CONVERSION = YES;
				CLANG_WARN_OBJC_ROOT_CLASS = YES_ERROR;
				CLANG_WARN_RANGE_LOOP_ANALYSIS = YES;
				CLANG_WARN_STRICT_PROTOTYPES = YES;
				CLANG_WARN_SUSPICIOUS_MOVE = YES;
				CLANG_WARN_SUSPICIOUS_MOVES = YES;
				CLANG_WARN_UNREACHABLE_CODE = YES;
				CLANG_WARN__DUPLICATE_METHOD_MATCH = YES;
				"CODE_SIGN_IDENTITY[sdk=iphoneos*]" = "iPhone Developer";
				COPY_PHASE_STRIP = NO;
				DEBUG_INFORMATION_FORMAT = dwarf;
				ENABLE_STRICT_OBJC_MSGSEND = YES;
				ENABLE_TESTABILITY = YES;
				GCC_C_LANGUAGE_STANDARD = gnu99;
				GCC_DYNAMIC_NO_PIC = NO;
				GCC_NO_COMMON_BLOCKS = YES;
				GCC_OPTIMIZATION_LEVEL = 0;
				GCC_PREPROCESSOR_DEFINITIONS = (
					"DEBUG=1",
					"$(inherited)",
				);
				GCC_WARN_64_TO_32_BIT_CONVERSION = YES;
				GCC_WARN_ABOUT_RETURN_TYPE = YES_ERROR;
				GCC_WARN_UNDECLARED_SELECTOR = YES;
				GCC_WARN_UNINITIALIZED_AUTOS = YES_AGGRESSIVE;
				GCC_WARN_UNUSED_FUNCTION = YES;
				GCC_WARN_UNUSED_VARIABLE = YES;
				IPHONEOS_DEPLOYMENT_TARGET = 10.1;
				MTL_ENABLE_DEBUG_INFO = YES;
				ONLY_ACTIVE_ARCH = YES;
				SDKROOT = iphoneos;
				SWIFT_ACTIVE_COMPILATION_CONDITIONS = DEBUG;
				SWIFT_OPTIMIZATION_LEVEL = "-Onone";
				SWIFT_SWIFT3_OBJC_INFERENCE = Off;
				TARGETED_DEVICE_FAMILY = "1,2";
			};
			name = Debug;
		};
		4F9A16271DE3C9DD0040960F /* Release */ = {
			isa = XCBuildConfiguration;
			buildSettings = {
				ALWAYS_SEARCH_USER_PATHS = NO;
				CLANG_ANALYZER_NONNULL = YES;
				CLANG_CXX_LANGUAGE_STANDARD = "gnu++0x";
				CLANG_CXX_LIBRARY = "libc++";
				CLANG_ENABLE_MODULES = YES;
				CLANG_ENABLE_OBJC_ARC = YES;
				CLANG_WARN_BLOCK_CAPTURE_AUTORELEASING = YES;
				CLANG_WARN_BOOL_CONVERSION = YES;
				CLANG_WARN_COMMA = YES;
				CLANG_WARN_CONSTANT_CONVERSION = YES;
				CLANG_WARN_DIRECT_OBJC_ISA_USAGE = YES_ERROR;
				CLANG_WARN_DOCUMENTATION_COMMENTS = YES;
				CLANG_WARN_EMPTY_BODY = YES;
				CLANG_WARN_ENUM_CONVERSION = YES;
				CLANG_WARN_INFINITE_RECURSION = YES;
				CLANG_WARN_INT_CONVERSION = YES;
				CLANG_WARN_NON_LITERAL_NULL_CONVERSION = YES;
				CLANG_WARN_OBJC_LITERAL_CONVERSION = YES;
				CLANG_WARN_OBJC_ROOT_CLASS = YES_ERROR;
				CLANG_WARN_RANGE_LOOP_ANALYSIS = YES;
				CLANG_WARN_STRICT_PROTOTYPES = YES;
				CLANG_WARN_SUSPICIOUS_MOVE = YES;
				CLANG_WARN_SUSPICIOUS_MOVES = YES;
				CLANG_WARN_UNREACHABLE_CODE = YES;
				CLANG_WARN__DUPLICATE_METHOD_MATCH = YES;
				"CODE_SIGN_IDENTITY[sdk=iphoneos*]" = "iPhone Developer";
				COPY_PHASE_STRIP = NO;
				DEBUG_INFORMATION_FORMAT = "dwarf-with-dsym";
				ENABLE_NS_ASSERTIONS = NO;
				ENABLE_STRICT_OBJC_MSGSEND = YES;
				GCC_C_LANGUAGE_STANDARD = gnu99;
				GCC_NO_COMMON_BLOCKS = YES;
				GCC_WARN_64_TO_32_BIT_CONVERSION = YES;
				GCC_WARN_ABOUT_RETURN_TYPE = YES_ERROR;
				GCC_WARN_UNDECLARED_SELECTOR = YES;
				GCC_WARN_UNINITIALIZED_AUTOS = YES_AGGRESSIVE;
				GCC_WARN_UNUSED_FUNCTION = YES;
				GCC_WARN_UNUSED_VARIABLE = YES;
				IPHONEOS_DEPLOYMENT_TARGET = 10.1;
				MTL_ENABLE_DEBUG_INFO = NO;
				SDKROOT = iphoneos;
				SWIFT_OPTIMIZATION_LEVEL = "-Owholemodule";
				SWIFT_SWIFT3_OBJC_INFERENCE = Off;
				TARGETED_DEVICE_FAMILY = "1,2";
				VALIDATE_PRODUCT = YES;
			};
			name = Release;
		};
		4F9A16291DE3C9DD0040960F /* Debug */ = {
			isa = XCBuildConfiguration;
			buildSettings = {
				ALWAYS_EMBED_SWIFT_STANDARD_LIBRARIES = YES;
				ASSETCATALOG_COMPILER_APPICON_NAME = AppIcon;
				DEVELOPMENT_TEAM = SP5J495KSD;
				INFOPLIST_FILE = IcyBee/Info.plist;
				LD_RUNPATH_SEARCH_PATHS = "$(inherited) @executable_path/Frameworks";
				PRODUCT_BUNDLE_IDENTIFIER = com.dotSix.IcyBee;
				PRODUCT_NAME = "$(TARGET_NAME)";
				SWIFT_SWIFT3_OBJC_INFERENCE = Off;
				SWIFT_VERSION = 4.0;
			};
			name = Debug;
		};
		4F9A162A1DE3C9DD0040960F /* Release */ = {
			isa = XCBuildConfiguration;
			buildSettings = {
				ALWAYS_EMBED_SWIFT_STANDARD_LIBRARIES = YES;
				ASSETCATALOG_COMPILER_APPICON_NAME = AppIcon;
				DEVELOPMENT_TEAM = SP5J495KSD;
				INFOPLIST_FILE = IcyBee/Info.plist;
				LD_RUNPATH_SEARCH_PATHS = "$(inherited) @executable_path/Frameworks";
				PRODUCT_BUNDLE_IDENTIFIER = com.dotSix.IcyBee;
				PRODUCT_NAME = "$(TARGET_NAME)";
				SWIFT_SWIFT3_OBJC_INFERENCE = Off;
				SWIFT_VERSION = 4.0;
			};
			name = Release;
		};
		4F9A162C1DE3C9DD0040960F /* Debug */ = {
			isa = XCBuildConfiguration;
			buildSettings = {
				ALWAYS_EMBED_SWIFT_STANDARD_LIBRARIES = YES;
				BUNDLE_LOADER = "$(TEST_HOST)";
				DEVELOPMENT_TEAM = SP5J495KSD;
				INFOPLIST_FILE = IcyBeeTests/Info.plist;
				LD_RUNPATH_SEARCH_PATHS = "$(inherited) @executable_path/Frameworks @loader_path/Frameworks";
				PRODUCT_BUNDLE_IDENTIFIER = com.dotSix.IcyBeeTests;
				PRODUCT_NAME = "$(TARGET_NAME)";
				SWIFT_SWIFT3_OBJC_INFERENCE = Off;
				SWIFT_VERSION = 4.0;
				TEST_HOST = "$(BUILT_PRODUCTS_DIR)/IcyBee.app/IcyBee";
			};
			name = Debug;
		};
		4F9A162D1DE3C9DD0040960F /* Release */ = {
			isa = XCBuildConfiguration;
			buildSettings = {
				ALWAYS_EMBED_SWIFT_STANDARD_LIBRARIES = YES;
				BUNDLE_LOADER = "$(TEST_HOST)";
				DEVELOPMENT_TEAM = SP5J495KSD;
				INFOPLIST_FILE = IcyBeeTests/Info.plist;
				LD_RUNPATH_SEARCH_PATHS = "$(inherited) @executable_path/Frameworks @loader_path/Frameworks";
				PRODUCT_BUNDLE_IDENTIFIER = com.dotSix.IcyBeeTests;
				PRODUCT_NAME = "$(TARGET_NAME)";
				SWIFT_SWIFT3_OBJC_INFERENCE = Off;
				SWIFT_VERSION = 4.0;
				TEST_HOST = "$(BUILT_PRODUCTS_DIR)/IcyBee.app/IcyBee";
			};
			name = Release;
		};
		4F9A162F1DE3C9DD0040960F /* Debug */ = {
			isa = XCBuildConfiguration;
			buildSettings = {
				ALWAYS_EMBED_SWIFT_STANDARD_LIBRARIES = YES;
				DEVELOPMENT_TEAM = SP5J495KSD;
				INFOPLIST_FILE = IcyBeeUITests/Info.plist;
				LD_RUNPATH_SEARCH_PATHS = "$(inherited) @executable_path/Frameworks @loader_path/Frameworks";
				PRODUCT_BUNDLE_IDENTIFIER = com.dotSix.IcyBeeUITests;
				PRODUCT_NAME = "$(TARGET_NAME)";
				SWIFT_SWIFT3_OBJC_INFERENCE = Off;
				SWIFT_VERSION = 4.0;
				TEST_TARGET_NAME = IcyBee;
			};
			name = Debug;
		};
		4F9A16301DE3C9DD0040960F /* Release */ = {
			isa = XCBuildConfiguration;
			buildSettings = {
				ALWAYS_EMBED_SWIFT_STANDARD_LIBRARIES = YES;
				DEVELOPMENT_TEAM = SP5J495KSD;
				INFOPLIST_FILE = IcyBeeUITests/Info.plist;
				LD_RUNPATH_SEARCH_PATHS = "$(inherited) @executable_path/Frameworks @loader_path/Frameworks";
				PRODUCT_BUNDLE_IDENTIFIER = com.dotSix.IcyBeeUITests;
				PRODUCT_NAME = "$(TARGET_NAME)";
				SWIFT_SWIFT3_OBJC_INFERENCE = Off;
				SWIFT_VERSION = 4.0;
				TEST_TARGET_NAME = IcyBee;
			};
			name = Release;
		};
/* End XCBuildConfiguration section */

/* Begin XCConfigurationList section */
		4F9A15F91DE3C9DD0040960F /* Build configuration list for PBXProject "IcyBee" */ = {
			isa = XCConfigurationList;
			buildConfigurations = (
				4F9A16261DE3C9DD0040960F /* Debug */,
				4F9A16271DE3C9DD0040960F /* Release */,
			);
			defaultConfigurationIsVisible = 0;
			defaultConfigurationName = Release;
		};
		4F9A16281DE3C9DD0040960F /* Build configuration list for PBXNativeTarget "IcyBee" */ = {
			isa = XCConfigurationList;
			buildConfigurations = (
				4F9A16291DE3C9DD0040960F /* Debug */,
				4F9A162A1DE3C9DD0040960F /* Release */,
			);
			defaultConfigurationIsVisible = 0;
			defaultConfigurationName = Release;
		};
		4F9A162B1DE3C9DD0040960F /* Build configuration list for PBXNativeTarget "IcyBeeTests" */ = {
			isa = XCConfigurationList;
			buildConfigurations = (
				4F9A162C1DE3C9DD0040960F /* Debug */,
				4F9A162D1DE3C9DD0040960F /* Release */,
			);
			defaultConfigurationIsVisible = 0;
			defaultConfigurationName = Release;
		};
		4F9A162E1DE3C9DD0040960F /* Build configuration list for PBXNativeTarget "IcyBeeUITests" */ = {
			isa = XCConfigurationList;
			buildConfigurations = (
				4F9A162F1DE3C9DD0040960F /* Debug */,
				4F9A16301DE3C9DD0040960F /* Release */,
			);
			defaultConfigurationIsVisible = 0;
			defaultConfigurationName = Release;
		};
/* End XCConfigurationList section */
	};
	rootObject = 4F9A15F61DE3C9DD0040960F /* Project object */;
}
